// !$*UTF8*$!
{
	archiveVersion = 1;
	classes = {
	};
	objectVersion = 77;
	objects = {

/* Begin PBXContainerItemProxy section */
		3F90F80D2DB39E6F0060E00F /* PBXContainerItemProxy */ = {
			isa = PBXContainerItemProxy;
			containerPortal = 3F90F7F72DB39E6C0060E00F /* Project object */;
			proxyType = 1;
			remoteGlobalIDString = 3F90F7FE2DB39E6C0060E00F;
			remoteInfo = JustNotNow;
		};
		3F90F8172DB39E700060E00F /* PBXContainerItemProxy */ = {
			isa = PBXContainerItemProxy;
			containerPortal = 3F90F7F72DB39E6C0060E00F /* Project object */;
			proxyType = 1;
			remoteGlobalIDString = 3F90F7FE2DB39E6C0060E00F;
			remoteInfo = JustNotNow;
		};
/* End PBXContainerItemProxy section */

/* Begin PBXFileReference section */
		3F90F7FF2DB39E6C0060E00F /* JustNotNow.app */ = {isa = PBXFileReference; explicitFileType = wrapper.application; includeInIndex = 0; path = JustNotNow.app; sourceTree = BUILT_PRODUCTS_DIR; };
		3F90F80C2DB39E6F0060E00F /* JustNotNowTests.xctest */ = {isa = PBXFileReference; explicitFileType = wrapper.cfbundle; includeInIndex = 0; path = JustNotNowTests.xctest; sourceTree = BUILT_PRODUCTS_DIR; };
		3F90F8162DB39E700060E00F /* JustNotNowUITests.xctest */ = {isa = PBXFileReference; explicitFileType = wrapper.cfbundle; includeInIndex = 0; path = JustNotNowUITests.xctest; sourceTree = BUILT_PRODUCTS_DIR; };
/* End PBXFileReference section */

/* Begin PBXFileSystemSynchronizedRootGroup section */
		3F90F8012DB39E6C0060E00F /* JustNotNow */ = {
			isa = PBXFileSystemSynchronizedRootGroup;
			path = JustNotNow;
			sourceTree = "<group>";
		};
		3F90F80F2DB39E6F0060E00F /* JustNotNowTests */ = {
			isa = PBXFileSystemSynchronizedRootGroup;
			path = JustNotNowTests;
			sourceTree = "<group>";
		};
		3F90F8192DB39E700060E00F /* JustNotNowUITests */ = {
			isa = PBXFileSystemSynchronizedRootGroup;
			path = JustNotNowUITests;
			sourceTree = "<group>";
		};
/* End PBXFileSystemSynchronizedRootGroup section */

/* Begin PBXFrameworksBuildPhase section */
		3F90F7FC2DB39E6C0060E00F /* Frameworks */ = {
			isa = PBXFrameworksBuildPhase;
			buildActionMask = 2147483647;
			files = (
			);
			runOnlyForDeploymentPostprocessing = 0;
		};
		3F90F8092DB39E6F0060E00F /* Frameworks */ = {
			isa = PBXFrameworksBuildPhase;
			buildActionMask = 2147483647;
			files = (
			);
			runOnlyForDeploymentPostprocessing = 0;
		};
		3F90F8132DB39E700060E00F /* Frameworks */ = {
			isa = PBXFrameworksBuildPhase;
			buildActionMask = 2147483647;
			files = (
			);
			runOnlyForDeploymentPostprocessing = 0;
		};
/* End PBXFrameworksBuildPhase section */

/* Begin PBXGroup section */
		3F90F7F62DB39E6C0060E00F = {
			isa = PBXGroup;
			children = (
				3F90F8012DB39E6C0060E00F /* JustNotNow */,
				3F90F80F2DB39E6F0060E00F /* JustNotNowTests */,
				3F90F8192DB39E700060E00F /* JustNotNowUITests */,
				3F90F8002DB39E6C0060E00F /* Products */,
			);
			sourceTree = "<group>";
		};
		3F90F8002DB39E6C0060E00F /* Products */ = {
			isa = PBXGroup;
			children = (
				3F90F7FF2DB39E6C0060E00F /* JustNotNow.app */,
				3F90F80C2DB39E6F0060E00F /* JustNotNowTests.xctest */,
				3F90F8162DB39E700060E00F /* JustNotNowUITests.xctest */,
			);
			name = Products;
			sourceTree = "<group>";
		};
/* End PBXGroup section */

/* Begin PBXNativeTarget section */
		3F90F7FE2DB39E6C0060E00F /* JustNotNow */ = {
			isa = PBXNativeTarget;
			buildConfigurationList = 3F90F8202DB39E700060E00F /* Build configuration list for PBXNativeTarget "JustNotNow" */;
			buildPhases = (
				3F90F7FB2DB39E6C0060E00F /* Sources */,
				3F90F7FC2DB39E6C0060E00F /* Frameworks */,
				3F90F7FD2DB39E6C0060E00F /* Resources */,
			);
			buildRules = (
			);
			dependencies = (
			);
			fileSystemSynchronizedGroups = (
				3F90F8012DB39E6C0060E00F /* JustNotNow */,
			);
			name = JustNotNow;
			packageProductDependencies = (
			);
			productName = JustNotNow;
			productReference = 3F90F7FF2DB39E6C0060E00F /* JustNotNow.app */;
			productType = "com.apple.product-type.application";
		};
		3F90F80B2DB39E6F0060E00F /* JustNotNowTests */ = {
			isa = PBXNativeTarget;
			buildConfigurationList = 3F90F8232DB39E700060E00F /* Build configuration list for PBXNativeTarget "JustNotNowTests" */;
			buildPhases = (
				3F90F8082DB39E6F0060E00F /* Sources */,
				3F90F8092DB39E6F0060E00F /* Frameworks */,
				3F90F80A2DB39E6F0060E00F /* Resources */,
			);
			buildRules = (
			);
			dependencies = (
				3F90F80E2DB39E6F0060E00F /* PBXTargetDependency */,
			);
			fileSystemSynchronizedGroups = (
				3F90F80F2DB39E6F0060E00F /* JustNotNowTests */,
			);
			name = JustNotNowTests;
			packageProductDependencies = (
			);
			productName = JustNotNowTests;
			productReference = 3F90F80C2DB39E6F0060E00F /* JustNotNowTests.xctest */;
			productType = "com.apple.product-type.bundle.unit-test";
		};
		3F90F8152DB39E700060E00F /* JustNotNowUITests */ = {
			isa = PBXNativeTarget;
			buildConfigurationList = 3F90F8262DB39E700060E00F /* Build configuration list for PBXNativeTarget "JustNotNowUITests" */;
			buildPhases = (
				3F90F8122DB39E700060E00F /* Sources */,
				3F90F8132DB39E700060E00F /* Frameworks */,
				3F90F8142DB39E700060E00F /* Resources */,
			);
			buildRules = (
			);
			dependencies = (
				3F90F8182DB39E700060E00F /* PBXTargetDependency */,
			);
			fileSystemSynchronizedGroups = (
				3F90F8192DB39E700060E00F /* JustNotNowUITests */,
			);
			name = JustNotNowUITests;
			packageProductDependencies = (
			);
			productName = JustNotNowUITests;
			productReference = 3F90F8162DB39E700060E00F /* JustNotNowUITests.xctest */;
			productType = "com.apple.product-type.bundle.ui-testing";
		};
/* End PBXNativeTarget section */

/* Begin PBXProject section */
		3F90F7F72DB39E6C0060E00F /* Project object */ = {
			isa = PBXProject;
			attributes = {
				BuildIndependentTargetsInParallel = 1;
				LastSwiftUpdateCheck = 1630;
				LastUpgradeCheck = 1630;
				TargetAttributes = {
					3F90F7FE2DB39E6C0060E00F = {
						CreatedOnToolsVersion = 16.3;
					};
					3F90F80B2DB39E6F0060E00F = {
						CreatedOnToolsVersion = 16.3;
						TestTargetID = 3F90F7FE2DB39E6C0060E00F;
					};
					3F90F8152DB39E700060E00F = {
						CreatedOnToolsVersion = 16.3;
						TestTargetID = 3F90F7FE2DB39E6C0060E00F;
					};
				};
			};
			buildConfigurationList = 3F90F7FA2DB39E6C0060E00F /* Build configuration list for PBXProject "JustNotNow" */;
			developmentRegion = en;
			hasScannedForEncodings = 0;
			knownRegions = (
				en,
				Base,
			);
			mainGroup = 3F90F7F62DB39E6C0060E00F;
			minimizedProjectReferenceProxies = 1;
			preferredProjectObjectVersion = 77;
			productRefGroup = 3F90F8002DB39E6C0060E00F /* Products */;
			projectDirPath = "";
			projectRoot = "";
			targets = (
				3F90F7FE2DB39E6C0060E00F /* JustNotNow */,
				3F90F80B2DB39E6F0060E00F /* JustNotNowTests */,
				3F90F8152DB39E700060E00F /* JustNotNowUITests */,
			);
		};
/* End PBXProject section */

/* Begin PBXResourcesBuildPhase section */
		3F90F7FD2DB39E6C0060E00F /* Resources */ = {
			isa = PBXResourcesBuildPhase;
			buildActionMask = 2147483647;
			files = (
			);
			runOnlyForDeploymentPostprocessing = 0;
		};
		3F90F80A2DB39E6F0060E00F /* Resources */ = {
			isa = PBXResourcesBuildPhase;
			buildActionMask = 2147483647;
			files = (
			);
			runOnlyForDeploymentPostprocessing = 0;
		};
		3F90F8142DB39E700060E00F /* Resources */ = {
			isa = PBXResourcesBuildPhase;
			buildActionMask = 2147483647;
			files = (
			);
			runOnlyForDeploymentPostprocessing = 0;
		};
/* End PBXResourcesBuildPhase section */

/* Begin PBXSourcesBuildPhase section */
		3F90F7FB2DB39E6C0060E00F /* Sources */ = {
			isa = PBXSourcesBuildPhase;
			buildActionMask = 2147483647;
			files = (
			);
			runOnlyForDeploymentPostprocessing = 0;
		};
		3F90F8082DB39E6F0060E00F /* Sources */ = {
			isa = PBXSourcesBuildPhase;
			buildActionMask = 2147483647;
			files = (
			);
			runOnlyForDeploymentPostprocessing = 0;
		};
		3F90F8122DB39E700060E00F /* Sources */ = {
			isa = PBXSourcesBuildPhase;
			buildActionMask = 2147483647;
			files = (
			);
			runOnlyForDeploymentPostprocessing = 0;
		};
/* End PBXSourcesBuildPhase section */

/* Begin PBXTargetDependency section */
		3F90F80E2DB39E6F0060E00F /* PBXTargetDependency */ = {
			isa = PBXTargetDependency;
			target = 3F90F7FE2DB39E6C0060E00F /* JustNotNow */;
			targetProxy = 3F90F80D2DB39E6F0060E00F /* PBXContainerItemProxy */;
		};
		3F90F8182DB39E700060E00F /* PBXTargetDependency */ = {
			isa = PBXTargetDependency;
			target = 3F90F7FE2DB39E6C0060E00F /* JustNotNow */;
			targetProxy = 3F90F8172DB39E700060E00F /* PBXContainerItemProxy */;
		};
/* End PBXTargetDependency section */

/* Begin XCBuildConfiguration section */
		3F90F81E2DB39E700060E00F /* Debug */ = {
			isa = XCBuildConfiguration;
			buildSettings = {
				ALWAYS_SEARCH_USER_PATHS = NO;
				ASSETCATALOG_COMPILER_GENERATE_SWIFT_ASSET_SYMBOL_EXTENSIONS = YES;
				CLANG_ANALYZER_NONNULL = YES;
				CLANG_ANALYZER_NUMBER_OBJECT_CONVERSION = YES_AGGRESSIVE;
				CLANG_CXX_LANGUAGE_STANDARD = "gnu++20";
				CLANG_ENABLE_MODULES = YES;
				CLANG_ENABLE_OBJC_ARC = YES;
				CLANG_ENABLE_OBJC_WEAK = YES;
				CLANG_WARN_BLOCK_CAPTURE_AUTORELEASING = YES;
				CLANG_WARN_BOOL_CONVERSION = YES;
				CLANG_WARN_COMMA = YES;
				CLANG_WARN_CONSTANT_CONVERSION = YES;
				CLANG_WARN_DEPRECATED_OBJC_IMPLEMENTATIONS = YES;
				CLANG_WARN_DIRECT_OBJC_ISA_USAGE = YES_ERROR;
				CLANG_WARN_DOCUMENTATION_COMMENTS = YES;
				CLANG_WARN_EMPTY_BODY = YES;
				CLANG_WARN_ENUM_CONVERSION = YES;
				CLANG_WARN_INFINITE_RECURSION = YES;
				CLANG_WARN_INT_CONVERSION = YES;
				CLANG_WARN_NON_LITERAL_NULL_CONVERSION = YES;
				CLANG_WARN_OBJC_IMPLICIT_RETAIN_SELF = YES;
				CLANG_WARN_OBJC_LITERAL_CONVERSION = YES;
				CLANG_WARN_OBJC_ROOT_CLASS = YES_ERROR;
				CLANG_WARN_QUOTED_INCLUDE_IN_FRAMEWORK_HEADER = YES;
				CLANG_WARN_RANGE_LOOP_ANALYSIS = YES;
				CLANG_WARN_STRICT_PROTOTYPES = YES;
				CLANG_WARN_SUSPICIOUS_MOVE = YES;
				CLANG_WARN_UNGUARDED_AVAILABILITY = YES_AGGRESSIVE;
				CLANG_WARN_UNREACHABLE_CODE = YES;
				CLANG_WARN__DUPLICATE_METHOD_MATCH = YES;
				COPY_PHASE_STRIP = NO;
				DEBUG_INFORMATION_FORMAT = dwarf;
				DEVELOPMENT_TEAM = 689286JZWP;
				ENABLE_STRICT_OBJC_MSGSEND = YES;
				ENABLE_TESTABILITY = YES;
				ENABLE_USER_SCRIPT_SANDBOXING = YES;
				GCC_C_LANGUAGE_STANDARD = gnu17;
				GCC_DYNAMIC_NO_PIC = NO;
				GCC_NO_COMMON_BLOCKS = YES;
				GCC_OPTIMIZATION_LEVEL = 0;
				GCC_PREPROCESSOR_DEFINITIONS = (
					"DEBUG=1",
					"$(inherited)",
				);
				GCC_WARN_64_TO_32_BIT_CONVERSION = YES;
				GCC_WARN_ABOUT_RETURN_TYPE = YES_ERROR;
				GCC_WARN_UNDECLARED_SELECTOR = YES;
				GCC_WARN_UNINITIALIZED_AUTOS = YES_AGGRESSIVE;
				GCC_WARN_UNUSED_FUNCTION = YES;
				GCC_WARN_UNUSED_VARIABLE = YES;
				IPHONEOS_DEPLOYMENT_TARGET = 18.4;
				LOCALIZATION_PREFERS_STRING_CATALOGS = YES;
				MTL_ENABLE_DEBUG_INFO = INCLUDE_SOURCE;
				MTL_FAST_MATH = YES;
				ONLY_ACTIVE_ARCH = YES;
				SDKROOT = iphoneos;
				SWIFT_ACTIVE_COMPILATION_CONDITIONS = "DEBUG $(inherited)";
				SWIFT_OPTIMIZATION_LEVEL = "-Onone";
			};
			name = Debug;
		};
		3F90F81F2DB39E700060E00F /* Release */ = {
			isa = XCBuildConfiguration;
			buildSettings = {
				ALWAYS_SEARCH_USER_PATHS = NO;
				ASSETCATALOG_COMPILER_GENERATE_SWIFT_ASSET_SYMBOL_EXTENSIONS = YES;
				CLANG_ANALYZER_NONNULL = YES;
				CLANG_ANALYZER_NUMBER_OBJECT_CONVERSION = YES_AGGRESSIVE;
				CLANG_CXX_LANGUAGE_STANDARD = "gnu++20";
				CLANG_ENABLE_MODULES = YES;
				CLANG_ENABLE_OBJC_ARC = YES;
				CLANG_ENABLE_OBJC_WEAK = YES;
				CLANG_WARN_BLOCK_CAPTURE_AUTORELEASING = YES;
				CLANG_WARN_BOOL_CONVERSION = YES;
				CLANG_WARN_COMMA = YES;
				CLANG_WARN_CONSTANT_CONVERSION = YES;
				CLANG_WARN_DEPRECATED_OBJC_IMPLEMENTATIONS = YES;
				CLANG_WARN_DIRECT_OBJC_ISA_USAGE = YES_ERROR;
				CLANG_WARN_DOCUMENTATION_COMMENTS = YES;
				CLANG_WARN_EMPTY_BODY = YES;
				CLANG_WARN_ENUM_CONVERSION = YES;
				CLANG_WARN_INFINITE_RECURSION = YES;
				CLANG_WARN_INT_CONVERSION = YES;
				CLANG_WARN_NON_LITERAL_NULL_CONVERSION = YES;
				CLANG_WARN_OBJC_IMPLICIT_RETAIN_SELF = YES;
				CLANG_WARN_OBJC_LITERAL_CONVERSION = YES;
				CLANG_WARN_OBJC_ROOT_CLASS = YES_ERROR;
				CLANG_WARN_QUOTED_INCLUDE_IN_FRAMEWORK_HEADER = YES;
				CLANG_WARN_RANGE_LOOP_ANALYSIS = YES;
				CLANG_WARN_STRICT_PROTOTYPES = YES;
				CLANG_WARN_SUSPICIOUS_MOVE = YES;
				CLANG_WARN_UNGUARDED_AVAILABILITY = YES_AGGRESSIVE;
				CLANG_WARN_UNREACHABLE_CODE = YES;
				CLANG_WARN__DUPLICATE_METHOD_MATCH = YES;
				COPY_PHASE_STRIP = NO;
				DEBUG_INFORMATION_FORMAT = "dwarf-with-dsym";
				DEVELOPMENT_TEAM = 689286JZWP;
				ENABLE_NS_ASSERTIONS = NO;
				ENABLE_STRICT_OBJC_MSGSEND = YES;
				ENABLE_USER_SCRIPT_SANDBOXING = YES;
				GCC_C_LANGUAGE_STANDARD = gnu17;
				GCC_NO_COMMON_BLOCKS = YES;
				GCC_WARN_64_TO_32_BIT_CONVERSION = YES;
				GCC_WARN_ABOUT_RETURN_TYPE = YES_ERROR;
				GCC_WARN_UNDECLARED_SELECTOR = YES;
				GCC_WARN_UNINITIALIZED_AUTOS = YES_AGGRESSIVE;
				GCC_WARN_UNUSED_FUNCTION = YES;
				GCC_WARN_UNUSED_VARIABLE = YES;
				IPHONEOS_DEPLOYMENT_TARGET = 18.4;
				LOCALIZATION_PREFERS_STRING_CATALOGS = YES;
				MTL_ENABLE_DEBUG_INFO = NO;
				MTL_FAST_MATH = YES;
				SDKROOT = iphoneos;
				SWIFT_COMPILATION_MODE = wholemodule;
				VALIDATE_PRODUCT = YES;
			};
			name = Release;
		};
		3F90F8212DB39E700060E00F /* Debug */ = {
			isa = XCBuildConfiguration;
			buildSettings = {
				ASSETCATALOG_COMPILER_APPICON_NAME = AppIcon;
				ASSETCATALOG_COMPILER_GLOBAL_ACCENT_COLOR_NAME = AccentColor;
				CODE_SIGN_STYLE = Automatic;
				CURRENT_PROJECT_VERSION = 1;
				DEVELOPMENT_TEAM = 689286JZWP;
				ENABLE_PREVIEWS = YES;
				GENERATE_INFOPLIST_FILE = YES;
				INFOPLIST_KEY_UIApplicationSceneManifest_Generation = YES;
				INFOPLIST_KEY_UIApplicationSupportsIndirectInputEvents = YES;
				INFOPLIST_KEY_UILaunchScreen_Generation = YES;
				INFOPLIST_KEY_UISupportedInterfaceOrientations_iPad = "UIInterfaceOrientationPortrait UIInterfaceOrientationPortraitUpsideDown UIInterfaceOrientationLandscapeLeft UIInterfaceOrientationLandscapeRight";
				INFOPLIST_KEY_UISupportedInterfaceOrientations_iPhone = "UIInterfaceOrientationPortrait UIInterfaceOrientationLandscapeLeft UIInterfaceOrientationLandscapeRight";
				LD_RUNPATH_SEARCH_PATHS = (
					"$(inherited)",
					"@executable_path/Frameworks",
				);
				MARKETING_VERSION = 1.0;
				PRODUCT_BUNDLE_IDENTIFIER = "de.cocoa-coding.JustNotNow";
				PRODUCT_NAME = "$(TARGET_NAME)";
				SWIFT_EMIT_LOC_STRINGS = YES;
				SWIFT_VERSION = 5.0;
				TARGETED_DEVICE_FAMILY = "1,2";
			};
			name = Debug;
		};
		3F90F8222DB39E700060E00F /* Release */ = {
			isa = XCBuildConfiguration;
			buildSettings = {
				ASSETCATALOG_COMPILER_APPICON_NAME = AppIcon;
				ASSETCATALOG_COMPILER_GLOBAL_ACCENT_COLOR_NAME = AccentColor;
				CODE_SIGN_STYLE = Automatic;
				CURRENT_PROJECT_VERSION = 1;
				DEVELOPMENT_TEAM = 689286JZWP;
				ENABLE_PREVIEWS = YES;
				GENERATE_INFOPLIST_FILE = YES;
				INFOPLIST_KEY_UIApplicationSceneManifest_Generation = YES;
				INFOPLIST_KEY_UIApplicationSupportsIndirectInputEvents = YES;
				INFOPLIST_KEY_UILaunchScreen_Generation = YES;
				INFOPLIST_KEY_UISupportedInterfaceOrientations_iPad = "UIInterfaceOrientationPortrait UIInterfaceOrientationPortraitUpsideDown UIInterfaceOrientationLandscapeLeft UIInterfaceOrientationLandscapeRight";
				INFOPLIST_KEY_UISupportedInterfaceOrientations_iPhone = "UIInterfaceOrientationPortrait UIInterfaceOrientationLandscapeLeft UIInterfaceOrientationLandscapeRight";
				LD_RUNPATH_SEARCH_PATHS = (
					"$(inherited)",
					"@executable_path/Frameworks",
				);
				MARKETING_VERSION = 1.0;
				PRODUCT_BUNDLE_IDENTIFIER = "de.cocoa-coding.JustNotNow";
				PRODUCT_NAME = "$(TARGET_NAME)";
				SWIFT_EMIT_LOC_STRINGS = YES;
				SWIFT_VERSION = 5.0;
				TARGETED_DEVICE_FAMILY = "1,2";
			};
			name = Release;
		};
		3F90F8242DB39E700060E00F /* Debug */ = {
			isa = XCBuildConfiguration;
			buildSettings = {
				BUNDLE_LOADER = "$(TEST_HOST)";
				CODE_SIGN_STYLE = Automatic;
				CURRENT_PROJECT_VERSION = 1;
				DEVELOPMENT_TEAM = 689286JZWP;
				GENERATE_INFOPLIST_FILE = YES;
				IPHONEOS_DEPLOYMENT_TARGET = 18.4;
				MARKETING_VERSION = 1.0;
				PRODUCT_BUNDLE_IDENTIFIER = "de.cocoa-coding.JustNotNowTests";
				PRODUCT_NAME = "$(TARGET_NAME)";
				SWIFT_EMIT_LOC_STRINGS = NO;
				SWIFT_VERSION = 5.0;
				TARGETED_DEVICE_FAMILY = "1,2";
				TEST_HOST = "$(BUILT_PRODUCTS_DIR)/JustNotNow.app/$(BUNDLE_EXECUTABLE_FOLDER_PATH)/JustNotNow";
			};
			name = Debug;
		};
		3F90F8252DB39E700060E00F /* Release */ = {
			isa = XCBuildConfiguration;
			buildSettings = {
				BUNDLE_LOADER = "$(TEST_HOST)";
				CODE_SIGN_STYLE = Automatic;
				CURRENT_PROJECT_VERSION = 1;
				DEVELOPMENT_TEAM = 689286JZWP;
				GENERATE_INFOPLIST_FILE = YES;
				IPHONEOS_DEPLOYMENT_TARGET = 18.4;
				MARKETING_VERSION = 1.0;
				PRODUCT_BUNDLE_IDENTIFIER = "de.cocoa-coding.JustNotNowTests";
				PRODUCT_NAME = "$(TARGET_NAME)";
				SWIFT_EMIT_LOC_STRINGS = NO;
				SWIFT_VERSION = 5.0;
				TARGETED_DEVICE_FAMILY = "1,2";
				TEST_HOST = "$(BUILT_PRODUCTS_DIR)/JustNotNow.app/$(BUNDLE_EXECUTABLE_FOLDER_PATH)/JustNotNow";
			};
			name = Release;
		};
		3F90F8272DB39E700060E00F /* Debug */ = {
			isa = XCBuildConfiguration;
			buildSettings = {
				CODE_SIGN_STYLE = Automatic;
				CURRENT_PROJECT_VERSION = 1;
				DEVELOPMENT_TEAM = 689286JZWP;
				GENERATE_INFOPLIST_FILE = YES;
				MARKETING_VERSION = 1.0;
				PRODUCT_BUNDLE_IDENTIFIER = "de.cocoa-coding.JustNotNowUITests";
				PRODUCT_NAME = "$(TARGET_NAME)";
				SWIFT_EMIT_LOC_STRINGS = NO;
				SWIFT_VERSION = 5.0;
				TARGETED_DEVICE_FAMILY = "1,2";
				TEST_TARGET_NAME = JustNotNow;
			};
			name = Debug;
		};
		3F90F8282DB39E700060E00F /* Release */ = {
			isa = XCBuildConfiguration;
			buildSettings = {
				CODE_SIGN_STYLE = Automatic;
				CURRENT_PROJECT_VERSION = 1;
				DEVELOPMENT_TEAM = 689286JZWP;
				GENERATE_INFOPLIST_FILE = YES;
				MARKETING_VERSION = 1.0;
				PRODUCT_BUNDLE_IDENTIFIER = "de.cocoa-coding.JustNotNowUITests";
				PRODUCT_NAME = "$(TARGET_NAME)";
				SWIFT_EMIT_LOC_STRINGS = NO;
				SWIFT_VERSION = 5.0;
				TARGETED_DEVICE_FAMILY = "1,2";
				TEST_TARGET_NAME = JustNotNow;
			};
			name = Release;
		};
/* End XCBuildConfiguration section */

/* Begin XCConfigurationList section */
		3F90F7FA2DB39E6C0060E00F /* Build configuration list for PBXProject "JustNotNow" */ = {
			isa = XCConfigurationList;
			buildConfigurations = (
				3F90F81E2DB39E700060E00F /* Debug */,
				3F90F81F2DB39E700060E00F /* Release */,
			);
			defaultConfigurationIsVisible = 0;
			defaultConfigurationName = Release;
		};
		3F90F8202DB39E700060E00F /* Build configuration list for PBXNativeTarget "JustNotNow" */ = {
			isa = XCConfigurationList;
			buildConfigurations = (
				3F90F8212DB39E700060E00F /* Debug */,
				3F90F8222DB39E700060E00F /* Release */,
			);
			defaultConfigurationIsVisible = 0;
			defaultConfigurationName = Release;
		};
		3F90F8232DB39E700060E00F /* Build configuration list for PBXNativeTarget "JustNotNowTests" */ = {
			isa = XCConfigurationList;
			buildConfigurations = (
				3F90F8242DB39E700060E00F /* Debug */,
				3F90F8252DB39E700060E00F /* Release */,
			);
			defaultConfigurationIsVisible = 0;
			defaultConfigurationName = Release;
		};
		3F90F8262DB39E700060E00F /* Build configuration list for PBXNativeTarget "JustNotNowUITests" */ = {
			isa = XCConfigurationList;
			buildConfigurations = (
				3F90F8272DB39E700060E00F /* Debug */,
				3F90F8282DB39E700060E00F /* Release */,
			);
			defaultConfigurationIsVisible = 0;
			defaultConfigurationName = Release;
		};
/* End XCConfigurationList section */
	};
	rootObject = 3F90F7F72DB39E6C0060E00F /* Project object */;
}
